
Microsoft Visual Studio Solution File, Format Version 12.00
# Visual Studio 2012
Project("{159641D6-6404-4A2A-AE62-294DE0FE8301}") = "SSISPushback", "SSISPushback\SSISPushback.dtproj", "{DFAE9191-3F68-4B04-8F41-56B4A2DE16BE}"
EndProject
Global
	GlobalSection(SolutionConfigurationPlatforms) = preSolution
		Development|Default = Development|Default
	EndGlobalSection
	GlobalSection(ProjectConfigurationPlatforms) = postSolution
		{DFAE9191-3F68-4B04-8F41-56B4A2DE16BE}.Development|Default.ActiveCfg = Development
		{DFAE9191-3F68-4B04-8F41-56B4A2DE16BE}.Development|Default.Build.0 = Development
	EndGlobalSection
	GlobalSection(SolutionProperties) = preSolution
		HideSolutionNode = FALSE
	EndGlobalSection
EndGlobal
